
Microsoft Visual Studio Solution File, Format Version 12.00
# Visual Studio Version 17
VisualStudioVersion = 17.2.32516.85
MinimumVisualStudioVersion = 10.0.40219.1
Project("{FAE04EC0-301F-11D3-BF4B-00C04F79EFBC}") = "BlogApp2", "BlogApp2\BlogApp2.csproj", "{BEB7F9CF-259E-46A2-8031-2D07CCCDEA1B}"
EndProject
Global
	GlobalSection(SolutionConfigurationPlatforms) = preSolution
		Debug|Any CPU = Debug|Any CPU
		Release|Any CPU = Release|Any CPU
	EndGlobalSection
	GlobalSection(ProjectConfigurationPlatforms) = postSolution
		{BEB7F9CF-259E-46A2-8031-2D07CCCDEA1B}.Debug|Any CPU.ActiveCfg = Debug|Any CPU
		{BEB7F9CF-259E-46A2-8031-2D07CCCDEA1B}.Debug|Any CPU.Build.0 = Debug|Any CPU
		{BEB7F9CF-259E-46A2-8031-2D07CCCDEA1B}.Release|Any CPU.ActiveCfg = Release|Any CPU
		{BEB7F9CF-259E-46A2-8031-2D07CCCDEA1B}.Release|Any CPU.Build.0 = Release|Any CPU
	EndGlobalSection
	GlobalSection(SolutionProperties) = preSolution
		HideSolutionNode = FALSE
	EndGlobalSection
	GlobalSection(ExtensibilityGlobals) = postSolution
		SolutionGuid = {9D57E0DA-F102-4C44-9F37-3E888FBC05F0}
	EndGlobalSection
EndGlobal
